
Microsoft Visual Studio Solution File, Format Version 12.00
# Visual Studio 15
VisualStudioVersion = 15.0.28307.489
MinimumVisualStudioVersion = 10.0.40219.1
Project("{FAE04EC0-301F-11D3-BF4B-00C04F79EFBC}") = "TPWinForm", "TPWinForm\TPWinForm.csproj", "{49D87DE2-16FF-4896-BECD-C5726A599440}"
EndProject
Global
	GlobalSection(SolutionConfigurationPlatforms) = preSolution
		Debug|Any CPU = Debug|Any CPU
		Release|Any CPU = Release|Any CPU
	EndGlobalSection
	GlobalSection(ProjectConfigurationPlatforms) = postSolution
		{49D87DE2-16FF-4896-BECD-C5726A599440}.Debug|Any CPU.ActiveCfg = Debug|Any CPU
		{49D87DE2-16FF-4896-BECD-C5726A599440}.Debug|Any CPU.Build.0 = Debug|Any CPU
		{49D87DE2-16FF-4896-BECD-C5726A599440}.Release|Any CPU.ActiveCfg = Release|Any CPU
		{49D87DE2-16FF-4896-BECD-C5726A599440}.Release|Any CPU.Build.0 = Release|Any CPU
	EndGlobalSection
	GlobalSection(SolutionProperties) = preSolution
		HideSolutionNode = FALSE
	EndGlobalSection
	GlobalSection(ExtensibilityGlobals) = postSolution
		SolutionGuid = {CDC6D0A7-70DA-4EF1-941A-5D4F5669F801}
	EndGlobalSection
EndGlobal
